
Microsoft Visual Studio Solution File, Format Version 12.00
# Visual Studio Version 17
VisualStudioVersion = 17.2.32526.322
MinimumVisualStudioVersion = 10.0.40219.1
Project("{FAE04EC0-301F-11D3-BF4B-00C04F79EFBC}") = "Ejercicios_sesion_1", "Ejercicios_sesion_1.csproj", "{F93A0B2A-CF03-4CE3-8C83-FC424E69F666}"
EndProject
Global
	GlobalSection(SolutionConfigurationPlatforms) = preSolution
		Debug|Any CPU = Debug|Any CPU
		Release|Any CPU = Release|Any CPU
	EndGlobalSection
	GlobalSection(ProjectConfigurationPlatforms) = postSolution
		{F93A0B2A-CF03-4CE3-8C83-FC424E69F666}.Debug|Any CPU.ActiveCfg = Debug|Any CPU
		{F93A0B2A-CF03-4CE3-8C83-FC424E69F666}.Debug|Any CPU.Build.0 = Debug|Any CPU
		{F93A0B2A-CF03-4CE3-8C83-FC424E69F666}.Release|Any CPU.ActiveCfg = Release|Any CPU
		{F93A0B2A-CF03-4CE3-8C83-FC424E69F666}.Release|Any CPU.Build.0 = Release|Any CPU
	EndGlobalSection
	GlobalSection(SolutionProperties) = preSolution
		HideSolutionNode = FALSE
	EndGlobalSection
	GlobalSection(ExtensibilityGlobals) = postSolution
		SolutionGuid = {3BE0902C-B298-4F32-BB15-5D1CB320D040}
	EndGlobalSection
EndGlobal
