
Microsoft Visual Studio Solution File, Format Version 12.00
# Visual Studio Version 17
VisualStudioVersion = 17.2.32526.322
MinimumVisualStudioVersion = 10.0.40219.1
Project("{FAE04EC0-301F-11D3-BF4B-00C04F79EFBC}") = "01_Ejercicio", "01_Ejercicio.csproj", "{04A3B17D-E71A-481A-8090-7C991DD86D5F}"
EndProject
Project("{FAE04EC0-301F-11D3-BF4B-00C04F79EFBC}") = "Ejercicio_02", "..\Ejercicio_02\Ejercicio_02.csproj", "{A955ED7F-B2B6-490D-BCD0-0D6EB0746F47}"
EndProject
Project("{FAE04EC0-301F-11D3-BF4B-00C04F79EFBC}") = "Ejercicio_03", "..\Ejercicio_03\Ejercicio_03.csproj", "{C8CEBBBB-DC32-4338-9D9F-4848A9B0146B}"
EndProject
Global
	GlobalSection(SolutionConfigurationPlatforms) = preSolution
		Debug|Any CPU = Debug|Any CPU
		Release|Any CPU = Release|Any CPU
	EndGlobalSection
	GlobalSection(ProjectConfigurationPlatforms) = postSolution
		{04A3B17D-E71A-481A-8090-7C991DD86D5F}.Debug|Any CPU.ActiveCfg = Debug|Any CPU
		{04A3B17D-E71A-481A-8090-7C991DD86D5F}.Debug|Any CPU.Build.0 = Debug|Any CPU
		{04A3B17D-E71A-481A-8090-7C991DD86D5F}.Release|Any CPU.ActiveCfg = Release|Any CPU
		{04A3B17D-E71A-481A-8090-7C991DD86D5F}.Release|Any CPU.Build.0 = Release|Any CPU
		{A955ED7F-B2B6-490D-BCD0-0D6EB0746F47}.Debug|Any CPU.ActiveCfg = Debug|Any CPU
		{A955ED7F-B2B6-490D-BCD0-0D6EB0746F47}.Debug|Any CPU.Build.0 = Debug|Any CPU
		{A955ED7F-B2B6-490D-BCD0-0D6EB0746F47}.Release|Any CPU.ActiveCfg = Release|Any CPU
		{A955ED7F-B2B6-490D-BCD0-0D6EB0746F47}.Release|Any CPU.Build.0 = Release|Any CPU
		{C8CEBBBB-DC32-4338-9D9F-4848A9B0146B}.Debug|Any CPU.ActiveCfg = Debug|Any CPU
		{C8CEBBBB-DC32-4338-9D9F-4848A9B0146B}.Debug|Any CPU.Build.0 = Debug|Any CPU
		{C8CEBBBB-DC32-4338-9D9F-4848A9B0146B}.Release|Any CPU.ActiveCfg = Release|Any CPU
		{C8CEBBBB-DC32-4338-9D9F-4848A9B0146B}.Release|Any CPU.Build.0 = Release|Any CPU
	EndGlobalSection
	GlobalSection(SolutionProperties) = preSolution
		HideSolutionNode = FALSE
	EndGlobalSection
	GlobalSection(ExtensibilityGlobals) = postSolution
		SolutionGuid = {C3E8F6A4-45B4-4D8A-9594-51B42B4FF778}
	EndGlobalSection
EndGlobal
